GEM
  remote: https://rubygems.org/
  specs:
    action_text-trix (2.1.16)
      railties
    actioncable (8.1.1)
      actionpack (= 8.1.1)
      activesupport (= 8.1.1)
      nio4r (~> 2.0)
      websocket-driver (>= 0.6.1)
      zeitwerk (~> 2.6)
    actionmailbox (8.1.1)
      actionpack (= 8.1.1)
      activejob (= 8.1.1)
      activerecord (= 8.1.1)
      activestorage (= 8.1.1)
      activesupport (= 8.1.1)
      mail (>= 2.8.0)
    actionmailer (8.1.1)
      actionpack (= 8.1.1)
      actionview (= 8.1.1)
      activejob (= 8.1.1)
      activesupport (= 8.1.1)
      mail (>= 2.8.0)
      rails-dom-testing (~> 2.2)
    actionpack (8.1.1)
      actionview (= 8.1.1)
      activesupport (= 8.1.1)
      nokogiri (>= 1.8.5)
      rack (>= 2.2.4)
      rack-session (>= 1.0.1)
      rack-test (>= 0.6.3)
      rails-dom-testing (~> 2.2)
      rails-html-sanitizer (~> 1.6)
      useragent (~> 0.16)
    actiontext (8.1.1)
      action_text-trix (~> 2.1.15)
      actionpack (= 8.1.1)
      activerecord (= 8.1.1)
      activestorage (= 8.1.1)
      activesupport (= 8.1.1)
      globalid (>= 0.6.0)
      nokogiri (>= 1.8.5)
    actionview (8.1.1)
      activesupport (= 8.1.1)
      builder (~> 3.1)
      erubi (~> 1.11)
      rails-dom-testing (~> 2.2)
      rails-html-sanitizer (~> 1.6)
    activejob (8.1.1)
      activesupport (= 8.1.1)
      globalid (>= 0.3.6)
    activemodel (8.1.1)
      activesupport (= 8.1.1)
    activerecord (8.1.1)
      activemodel (= 8.1.1)
      activesupport (= 8.1.1)
      timeout (>= 0.4.0)
    activestorage (8.1.1)
      actionpack (= 8.1.1)
      activejob (= 8.1.1)
      activerecord (= 8.1.1)
      activesupport (= 8.1.1)
      marcel (~> 1.0)
    activesupport (8.1.1)
      base64
      bigdecimal
      concurrent-ruby (~> 1.0, >= 1.3.1)
      connection_pool (>= 2.2.5)
      drb
      i18n (>= 1.6, < 2)
      json
      logger (>= 1.4.2)
      minitest (>= 5.1)
      securerandom (>= 0.3)
      tzinfo (~> 2.0, >= 2.0.5)
      uri (>= 0.13.1)
    amazing_print (1.8.1)
    ast (2.4.3)
    base64 (0.3.0)
    bigdecimal (4.0.1)
    bootsnap (1.20.1)
      msgpack (~> 1.2)
    builder (3.3.0)
    byebug (12.0.0)
    childprocess (5.1.0)
      logger (~> 1.5)
    coderay (1.1.3)
    concurrent-ruby (1.3.6)
    connection_pool (3.0.2)
    coveralls (0.8.23)
      json (>= 1.8, < 3)
      simplecov (~> 0.16.1)
      term-ansicolor (~> 1.3)
      thor (>= 0.19.4, < 2.0)
      tins (~> 1.6)
    crass (1.0.6)
    database_cleaner (2.1.0)
      database_cleaner-active_record (>= 2, < 3)
    database_cleaner-active_record (2.2.2)
      activerecord (>= 5.a)
      database_cleaner-core (~> 2.0)
    database_cleaner-core (2.0.1)
    date (3.5.1)
    diff-lcs (1.6.2)
    docile (1.4.1)
    docker-api (2.4.0)
      excon (>= 0.64.0)
      multi_json
    drb (2.2.3)
    erb (6.0.1)
    erubi (1.13.1)
    excon (1.3.2)
      logger
    expgen (0.1.1)
      parslet
    factory_bot (6.5.6)
      activesupport (>= 6.1.0)
    factory_bot_rails (6.5.1)
      factory_bot (~> 6.5)
      railties (>= 6.1.0)
    faker (3.5.3)
      i18n (>= 1.8.11, < 2)
    ffi (1.17.3)
    find_a_port (1.0.1)
    globalid (1.3.0)
      activesupport (>= 6.1)
    i18n (1.14.8)
      concurrent-ruby (~> 1.0)
    iniparse (1.5.0)
    io-console (0.8.2)
    irb (1.16.0)
      pp (>= 0.6.0)
      rdoc (>= 4.0.0)
      reline (>= 0.4.2)
    json (2.12.2)
    jsonpath (1.1.5)
      multi_json
    jwt (3.1.2)
      base64
    language_server-protocol (3.17.0.5)
    lint_roller (1.1.0)
    listen (3.9.0)
      rb-fsevent (~> 0.10, >= 0.10.3)
      rb-inotify (~> 0.9, >= 0.9.10)
    logger (1.7.0)
    loofah (2.25.0)
      crass (~> 1.0.2)
      nokogiri (>= 1.12.0)
    mail (2.9.0)
      logger
      mini_mime (>= 0.1.1)
      net-imap
      net-pop
      net-smtp
    marcel (1.1.0)
    method_source (1.1.0)
    mini_mime (1.1.5)
    mini_portile2 (2.8.9)
    minitest (6.0.1)
      prism (~> 1.5)
    mize (0.6.1)
    msgpack (1.8.0)
    multi_json (1.19.1)
    mysql2 (0.5.7)
      bigdecimal
    net-imap (0.6.2)
      date
      net-protocol
    net-pop (0.1.2)
      net-protocol
    net-protocol (0.2.2)
      timeout
    net-scp (4.1.0)
      net-ssh (>= 2.6.5, < 8.0.0)
    net-smtp (0.5.1)
      net-protocol
    net-ssh (7.3.0)
    net-telnet (0.2.0)
    nio4r (2.7.5)
    nokogiri (1.19.0)
      mini_portile2 (~> 2.8.2)
      racc (~> 1.4)
    openssl (3.3.2)
    overcommit (0.68.0)
      childprocess (>= 0.6.3, < 6)
      iniparse (~> 1.4)
      rexml (>= 3.3.9)
    pact (1.67.3)
      jsonpath (~> 1.0)
      pact-mock_service (~> 3.0, >= 3.3.1)
      pact-support (~> 1.21, >= 1.21.2)
      rack
      rack-proxy
      rack-test (>= 0.6.3, < 3.0.0)
      rainbow (~> 3.1)
      rspec (~> 3.0)
      string_pattern (~> 2.0)
      thor (>= 0.20, < 2.0)
      webrick (~> 1.8)
      zeitwerk (~> 2.3)
    pact-mock_service (3.12.3)
      find_a_port (~> 1.0.1)
      json
      pact-support (~> 1.16, >= 1.16.4)
      rack (>= 3.0, < 4.0)
      rackup (~> 2.0)
      rspec (>= 2.14)
      thor (>= 0.19, < 2.0)
      webrick (~> 1.8)
    pact-support (1.21.4)
      amazing_print (~> 1.8)
      diff-lcs (~> 1.6)
      expgen (~> 0.1)
      json (~> 2.12.2)
      jsonpath (~> 1.0)
      rainbow (~> 3.1.1)
      string_pattern (~> 2.0)
    parallel (1.27.0)
    parser (3.3.10.0)
      ast (~> 2.4.1)
      racc
    parslet (2.0.0)
    pp (0.6.3)
      prettyprint
    prettyprint (0.2.0)
    prism (1.7.0)
    pry (0.16.0)
      coderay (~> 1.1)
      method_source (~> 1.0)
      reline (>= 0.6.0)
    pry-rails (0.3.11)
      pry (>= 0.13.0)
    psych (5.3.1)
      date
      stringio
    puma (6.6.1)
      nio4r (~> 2.0)
    racc (1.8.1)
    rack (3.2.4)
    rack-proxy (0.7.7)
      rack
    rack-session (2.1.1)
      base64 (>= 0.1.0)
      rack (>= 3.0.0)
    rack-test (2.2.0)
      rack (>= 1.3)
    rackup (2.3.1)
      rack (>= 3)
    rails (8.1.1)
      actioncable (= 8.1.1)
      actionmailbox (= 8.1.1)
      actionmailer (= 8.1.1)
      actionpack (= 8.1.1)
      actiontext (= 8.1.1)
      actionview (= 8.1.1)
      activejob (= 8.1.1)
      activemodel (= 8.1.1)
      activerecord (= 8.1.1)
      activestorage (= 8.1.1)
      activesupport (= 8.1.1)
      bundler (>= 1.15.0)
      railties (= 8.1.1)
    rails-dom-testing (2.3.0)
      activesupport (>= 5.0.0)
      minitest
      nokogiri (>= 1.6)
    rails-html-sanitizer (1.6.2)
      loofah (~> 2.21)
      nokogiri (>= 1.15.7, != 1.16.7, != 1.16.6, != 1.16.5, != 1.16.4, != 1.16.3, != 1.16.2, != 1.16.1, != 1.16.0.rc1, != 1.16.0)
    railties (8.1.1)
      actionpack (= 8.1.1)
      activesupport (= 8.1.1)
      irb (~> 1.13)
      rackup (>= 1.0.0)
      rake (>= 12.2)
      thor (~> 1.0, >= 1.2.2)
      tsort (>= 0.2)
      zeitwerk (~> 2.6)
    rainbow (3.1.1)
    rake (13.3.1)
    rb-fsevent (0.11.2)
    rb-inotify (0.11.1)
      ffi (~> 1.0)
    rdoc (7.0.3)
      erb
      psych (>= 4.0.0)
      tsort
    readline (0.0.4)
      reline
    regexp_parser (2.11.3)
    reline (0.6.3)
      io-console (~> 0.5)
    rexml (3.4.4)
    rspec (3.13.2)
      rspec-core (~> 3.13.0)
      rspec-expectations (~> 3.13.0)
      rspec-mocks (~> 3.13.0)
    rspec-core (3.13.6)
      rspec-support (~> 3.13.0)
    rspec-expectations (3.13.5)
      diff-lcs (>= 1.2.0, < 2.0)
      rspec-support (~> 3.13.0)
    rspec-its (2.0.0)
      rspec-core (>= 3.13.0)
      rspec-expectations (>= 3.13.0)
    rspec-mocks (3.13.7)
      diff-lcs (>= 1.2.0, < 2.0)
      rspec-support (~> 3.13.0)
    rspec-rails (8.0.2)
      actionpack (>= 7.2)
      activesupport (>= 7.2)
      railties (>= 7.2)
      rspec-core (~> 3.13)
      rspec-expectations (~> 3.13)
      rspec-mocks (~> 3.13)
      rspec-support (~> 3.13)
    rspec-support (3.13.6)
    rspec-wait (1.0.2)
      rspec (>= 3.4)
    rubocop (1.82.1)
      json (~> 2.3)
      language_server-protocol (~> 3.17.0.2)
      lint_roller (~> 1.1.0)
      parallel (~> 1.10)
      parser (>= 3.3.0.2)
      rainbow (>= 2.2.2, < 4.0)
      regexp_parser (>= 2.9.3, < 3.0)
      rubocop-ast (>= 1.48.0, < 2.0)
      ruby-progressbar (~> 1.7)
      unicode-display_width (>= 2.4.0, < 4.0)
    rubocop-ast (1.49.0)
      parser (>= 3.3.7.2)
      prism (~> 1.7)
    rubocop-rails (2.34.3)
      activesupport (>= 4.2.0)
      lint_roller (~> 1.1)
      rack (>= 1.1)
      rubocop (>= 1.75.0, < 2.0)
      rubocop-ast (>= 1.44.0, < 2.0)
    rubocop-rake (0.7.1)
      lint_roller (~> 1.1)
      rubocop (>= 1.72.1)
    rubocop-rspec (3.8.0)
      lint_roller (~> 1.1)
      rubocop (~> 1.81)
    ruby-progressbar (1.13.0)
    securerandom (0.4.1)
    serverspec (2.43.0)
      multi_json
      rspec (~> 3.0)
      rspec-its
      specinfra (~> 2.72)
    sfl (2.3)
    simple_command (1.0.1)
    simplecov (0.16.1)
      docile (~> 1.1)
      json (>= 1.8, < 3)
      simplecov-html (~> 0.10.0)
    simplecov-html (0.10.2)
    specinfra (2.94.1)
      base64
      net-scp
      net-ssh (>= 2.7)
      net-telnet
      sfl
    spring (2.1.1)
    spring-watcher-listen (2.0.1)
      listen (>= 2.7, < 4.0)
      spring (>= 1.2, < 3.0)
    string_pattern (2.3.0)
      regexp_parser (~> 2.5, >= 2.5.0)
    stringio (3.2.0)
    sync (0.5.0)
    term-ansicolor (1.11.3)
      tins (~> 1)
    thor (1.4.0)
    timeout (0.6.0)
    tins (1.51.0)
      bigdecimal
      mize (~> 0.6)
      readline
      sync
    tsort (0.2.0)
    tzinfo (2.0.6)
      concurrent-ruby (~> 1.0)
    unicode-display_width (3.2.0)
      unicode-emoji (~> 4.1)
    unicode-emoji (4.2.0)
    uri (1.1.1)
    useragent (0.16.11)
    webrick (1.9.2)
    websocket-driver (0.8.0)
      base64
      websocket-extensions (>= 0.1.0)
    websocket-extensions (0.1.5)
    zeitwerk (2.7.4)

PLATFORMS
  ruby

DEPENDENCIES
  bootsnap
  byebug
  coveralls
  database_cleaner
  docker-api
  factory_bot_rails
  faker
  jwt
  listen
  mail (!= 2.8.0)
  mysql2
  nio4r (>= 2.6.0)
  openssl (~> 3.3.1)
  overcommit
  pact
  pry-rails
  puma (~> 6.0)
  rails (~> 8.0)
  rake
  rspec-rails
  rspec-wait
  rubocop
  rubocop-rails
  rubocop-rake
  rubocop-rspec
  serverspec
  simple_command
  spring
  spring-watcher-listen (~> 2.0.0)
  tzinfo-data

BUNDLED WITH
   2.3.3
